
Microsoft Visual Studio Solution File, Format Version 12.00
# Visual Studio 15
VisualStudioVersion = 15.0.28307.329
MinimumVisualStudioVersion = 10.0.40219.1
Project("{FAE04EC0-301F-11D3-BF4B-00C04F79EFBC}") = "BitSolutions", "BitSolutions\BitSolutions.csproj", "{B2301F14-7E46-4842-AE2B-B3F6B9730043}"
EndProject
Project("{FAE04EC0-301F-11D3-BF4B-00C04F79EFBC}") = "BitSolutionsTests4", "BitSolutionsTests4\BitSolutionsTests4.csproj", "{DA4D0D46-8E94-401F-BC4B-1C5C4F6E597B}"
EndProject
Global
	GlobalSection(SolutionConfigurationPlatforms) = preSolution
		Debug|Any CPU = Debug|Any CPU
		Release|Any CPU = Release|Any CPU
	EndGlobalSection
	GlobalSection(ProjectConfigurationPlatforms) = postSolution
		{B2301F14-7E46-4842-AE2B-B3F6B9730043}.Debug|Any CPU.ActiveCfg = Debug|Any CPU
		{B2301F14-7E46-4842-AE2B-B3F6B9730043}.Debug|Any CPU.Build.0 = Debug|Any CPU
		{B2301F14-7E46-4842-AE2B-B3F6B9730043}.Release|Any CPU.ActiveCfg = Release|Any CPU
		{B2301F14-7E46-4842-AE2B-B3F6B9730043}.Release|Any CPU.Build.0 = Release|Any CPU
		{DA4D0D46-8E94-401F-BC4B-1C5C4F6E597B}.Debug|Any CPU.ActiveCfg = Debug|Any CPU
		{DA4D0D46-8E94-401F-BC4B-1C5C4F6E597B}.Debug|Any CPU.Build.0 = Debug|Any CPU
		{DA4D0D46-8E94-401F-BC4B-1C5C4F6E597B}.Release|Any CPU.ActiveCfg = Release|Any CPU
		{DA4D0D46-8E94-401F-BC4B-1C5C4F6E597B}.Release|Any CPU.Build.0 = Release|Any CPU
	EndGlobalSection
	GlobalSection(SolutionProperties) = preSolution
		HideSolutionNode = FALSE
	EndGlobalSection
	GlobalSection(ExtensibilityGlobals) = postSolution
		SolutionGuid = {53C88CF6-E3B9-447A-A0BF-FC37F84D9055}
	EndGlobalSection
EndGlobal
